
Microsoft Visual Studio Solution File, Format Version 12.00
# Visual Studio Version 16
VisualStudioVersion = 16.0.30011.22
MinimumVisualStudioVersion = 10.0.40219.1
Project("{FAE04EC0-301F-11D3-BF4B-00C04F79EFBC}") = "EntityFramework.api", "EntityFramework.api\EntityFramework.api.csproj", "{999746E7-8F55-4A9F-8980-6E96B56361A7}"
EndProject
Project("{FAE04EC0-301F-11D3-BF4B-00C04F79EFBC}") = "ProductList", "ProductList\ProductList.csproj", "{9F600517-3303-4AD5-9877-162FF8AC5E4C}"
EndProject
Project("{FAE04EC0-301F-11D3-BF4B-00C04F79EFBC}") = "CreateProduct.Android", "CreateProduct\CreateProduct.Android\CreateProduct.Android.csproj", "{12A364C4-B282-41D8-88DF-E3EA436B7E0F}"
EndProject
Project("{FAE04EC0-301F-11D3-BF4B-00C04F79EFBC}") = "CreateProduct.iOS", "CreateProduct\CreateProduct.iOS\CreateProduct.iOS.csproj", "{E888AEEA-FBEF-4731-9D46-8DA0C591F35B}"
EndProject
Project("{FAE04EC0-301F-11D3-BF4B-00C04F79EFBC}") = "CreateProduct", "CreateProduct\CreateProduct\CreateProduct.csproj", "{4412346D-46F1-45C7-9EA8-A9771DABD418}"
EndProject
Global
	GlobalSection(SolutionConfigurationPlatforms) = preSolution
		Debug|Any CPU = Debug|Any CPU
		Debug|iPhone = Debug|iPhone
		Debug|iPhoneSimulator = Debug|iPhoneSimulator
		Release|Any CPU = Release|Any CPU
		Release|iPhone = Release|iPhone
		Release|iPhoneSimulator = Release|iPhoneSimulator
	EndGlobalSection
	GlobalSection(ProjectConfigurationPlatforms) = postSolution
		{999746E7-8F55-4A9F-8980-6E96B56361A7}.Debug|Any CPU.ActiveCfg = Debug|Any CPU
		{999746E7-8F55-4A9F-8980-6E96B56361A7}.Debug|Any CPU.Build.0 = Debug|Any CPU
		{999746E7-8F55-4A9F-8980-6E96B56361A7}.Debug|iPhone.ActiveCfg = Debug|Any CPU
		{999746E7-8F55-4A9F-8980-6E96B56361A7}.Debug|iPhone.Build.0 = Debug|Any CPU
		{999746E7-8F55-4A9F-8980-6E96B56361A7}.Debug|iPhoneSimulator.ActiveCfg = Debug|Any CPU
		{999746E7-8F55-4A9F-8980-6E96B56361A7}.Debug|iPhoneSimulator.Build.0 = Debug|Any CPU
		{999746E7-8F55-4A9F-8980-6E96B56361A7}.Release|Any CPU.ActiveCfg = Release|Any CPU
		{999746E7-8F55-4A9F-8980-6E96B56361A7}.Release|Any CPU.Build.0 = Release|Any CPU
		{999746E7-8F55-4A9F-8980-6E96B56361A7}.Release|iPhone.ActiveCfg = Release|Any CPU
		{999746E7-8F55-4A9F-8980-6E96B56361A7}.Release|iPhone.Build.0 = Release|Any CPU
		{999746E7-8F55-4A9F-8980-6E96B56361A7}.Release|iPhoneSimulator.ActiveCfg = Release|Any CPU
		{999746E7-8F55-4A9F-8980-6E96B56361A7}.Release|iPhoneSimulator.Build.0 = Release|Any CPU
		{9F600517-3303-4AD5-9877-162FF8AC5E4C}.Debug|Any CPU.ActiveCfg = Debug|Any CPU
		{9F600517-3303-4AD5-9877-162FF8AC5E4C}.Debug|Any CPU.Build.0 = Debug|Any CPU
		{9F600517-3303-4AD5-9877-162FF8AC5E4C}.Debug|iPhone.ActiveCfg = Debug|Any CPU
		{9F600517-3303-4AD5-9877-162FF8AC5E4C}.Debug|iPhone.Build.0 = Debug|Any CPU
		{9F600517-3303-4AD5-9877-162FF8AC5E4C}.Debug|iPhoneSimulator.ActiveCfg = Debug|Any CPU
		{9F600517-3303-4AD5-9877-162FF8AC5E4C}.Debug|iPhoneSimulator.Build.0 = Debug|Any CPU
		{9F600517-3303-4AD5-9877-162FF8AC5E4C}.Release|Any CPU.ActiveCfg = Release|Any CPU
		{9F600517-3303-4AD5-9877-162FF8AC5E4C}.Release|Any CPU.Build.0 = Release|Any CPU
		{9F600517-3303-4AD5-9877-162FF8AC5E4C}.Release|iPhone.ActiveCfg = Release|Any CPU
		{9F600517-3303-4AD5-9877-162FF8AC5E4C}.Release|iPhone.Build.0 = Release|Any CPU
		{9F600517-3303-4AD5-9877-162FF8AC5E4C}.Release|iPhoneSimulator.ActiveCfg = Release|Any CPU
		{9F600517-3303-4AD5-9877-162FF8AC5E4C}.Release|iPhoneSimulator.Build.0 = Release|Any CPU
		{12A364C4-B282-41D8-88DF-E3EA436B7E0F}.Debug|Any CPU.ActiveCfg = Debug|Any CPU
		{12A364C4-B282-41D8-88DF-E3EA436B7E0F}.Debug|Any CPU.Build.0 = Debug|Any CPU
		{12A364C4-B282-41D8-88DF-E3EA436B7E0F}.Debug|Any CPU.Deploy.0 = Debug|Any CPU
		{12A364C4-B282-41D8-88DF-E3EA436B7E0F}.Debug|iPhone.ActiveCfg = Debug|Any CPU
		{12A364C4-B282-41D8-88DF-E3EA436B7E0F}.Debug|iPhone.Build.0 = Debug|Any CPU
		{12A364C4-B282-41D8-88DF-E3EA436B7E0F}.Debug|iPhone.Deploy.0 = Debug|Any CPU
		{12A364C4-B282-41D8-88DF-E3EA436B7E0F}.Debug|iPhoneSimulator.ActiveCfg = Debug|Any CPU
		{12A364C4-B282-41D8-88DF-E3EA436B7E0F}.Debug|iPhoneSimulator.Build.0 = Debug|Any CPU
		{12A364C4-B282-41D8-88DF-E3EA436B7E0F}.Debug|iPhoneSimulator.Deploy.0 = Debug|Any CPU
		{12A364C4-B282-41D8-88DF-E3EA436B7E0F}.Release|Any CPU.ActiveCfg = Release|Any CPU
		{12A364C4-B282-41D8-88DF-E3EA436B7E0F}.Release|Any CPU.Build.0 = Release|Any CPU
		{12A364C4-B282-41D8-88DF-E3EA436B7E0F}.Release|Any CPU.Deploy.0 = Release|Any CPU
		{12A364C4-B282-41D8-88DF-E3EA436B7E0F}.Release|iPhone.ActiveCfg = Release|Any CPU
		{12A364C4-B282-41D8-88DF-E3EA436B7E0F}.Release|iPhone.Build.0 = Release|Any CPU
		{12A364C4-B282-41D8-88DF-E3EA436B7E0F}.Release|iPhone.Deploy.0 = Release|Any CPU
		{12A364C4-B282-41D8-88DF-E3EA436B7E0F}.Release|iPhoneSimulator.ActiveCfg = Release|Any CPU
		{12A364C4-B282-41D8-88DF-E3EA436B7E0F}.Release|iPhoneSimulator.Build.0 = Release|Any CPU
		{12A364C4-B282-41D8-88DF-E3EA436B7E0F}.Release|iPhoneSimulator.Deploy.0 = Release|Any CPU
		{E888AEEA-FBEF-4731-9D46-8DA0C591F35B}.Debug|Any CPU.ActiveCfg = Debug|iPhone
		{E888AEEA-FBEF-4731-9D46-8DA0C591F35B}.Debug|iPhone.ActiveCfg = Debug|iPhone
		{E888AEEA-FBEF-4731-9D46-8DA0C591F35B}.Debug|iPhone.Build.0 = Debug|iPhone
		{E888AEEA-FBEF-4731-9D46-8DA0C591F35B}.Debug|iPhoneSimulator.ActiveCfg = Debug|iPhoneSimulator
		{E888AEEA-FBEF-4731-9D46-8DA0C591F35B}.Debug|iPhoneSimulator.Build.0 = Debug|iPhoneSimulator
		{E888AEEA-FBEF-4731-9D46-8DA0C591F35B}.Release|Any CPU.ActiveCfg = Release|iPhone
		{E888AEEA-FBEF-4731-9D46-8DA0C591F35B}.Release|iPhone.ActiveCfg = Release|iPhone
		{E888AEEA-FBEF-4731-9D46-8DA0C591F35B}.Release|iPhone.Build.0 = Release|iPhone
		{E888AEEA-FBEF-4731-9D46-8DA0C591F35B}.Release|iPhoneSimulator.ActiveCfg = Release|iPhoneSimulator
		{E888AEEA-FBEF-4731-9D46-8DA0C591F35B}.Release|iPhoneSimulator.Build.0 = Release|iPhoneSimulator
		{4412346D-46F1-45C7-9EA8-A9771DABD418}.Debug|Any CPU.ActiveCfg = Debug|Any CPU
		{4412346D-46F1-45C7-9EA8-A9771DABD418}.Debug|Any CPU.Build.0 = Debug|Any CPU
		{4412346D-46F1-45C7-9EA8-A9771DABD418}.Debug|iPhone.ActiveCfg = Debug|Any CPU
		{4412346D-46F1-45C7-9EA8-A9771DABD418}.Debug|iPhone.Build.0 = Debug|Any CPU
		{4412346D-46F1-45C7-9EA8-A9771DABD418}.Debug|iPhoneSimulator.ActiveCfg = Debug|Any CPU
		{4412346D-46F1-45C7-9EA8-A9771DABD418}.Debug|iPhoneSimulator.Build.0 = Debug|Any CPU
		{4412346D-46F1-45C7-9EA8-A9771DABD418}.Release|Any CPU.ActiveCfg = Release|Any CPU
		{4412346D-46F1-45C7-9EA8-A9771DABD418}.Release|Any CPU.Build.0 = Release|Any CPU
		{4412346D-46F1-45C7-9EA8-A9771DABD418}.Release|iPhone.ActiveCfg = Release|Any CPU
		{4412346D-46F1-45C7-9EA8-A9771DABD418}.Release|iPhone.Build.0 = Release|Any CPU
		{4412346D-46F1-45C7-9EA8-A9771DABD418}.Release|iPhoneSimulator.ActiveCfg = Release|Any CPU
		{4412346D-46F1-45C7-9EA8-A9771DABD418}.Release|iPhoneSimulator.Build.0 = Release|Any CPU
	EndGlobalSection
	GlobalSection(SolutionProperties) = preSolution
		HideSolutionNode = FALSE
	EndGlobalSection
	GlobalSection(ExtensibilityGlobals) = postSolution
		SolutionGuid = {106DCBC2-AF84-4D41-AB21-C7555FDC6F3F}
	EndGlobalSection
EndGlobal
